
Microsoft Visual Studio Solution File, Format Version 12.00
# Visual Studio Version 17
VisualStudioVersion = 17.9.34714.143
MinimumVisualStudioVersion = 10.0.40219.1
Project("{FAE04EC0-301F-11D3-BF4B-00C04F79EFBC}") = "MvcMovie", "MvcMovie\MvcMovie.csproj", "{890BDDE3-64BB-4792-8539-AF562D65AC71}"
EndProject
Global
	GlobalSection(SolutionConfigurationPlatforms) = preSolution
		Debug|Any CPU = Debug|Any CPU
		Release|Any CPU = Release|Any CPU
	EndGlobalSection
	GlobalSection(ProjectConfigurationPlatforms) = postSolution
		{890BDDE3-64BB-4792-8539-AF562D65AC71}.Debug|Any CPU.ActiveCfg = Debug|Any CPU
		{890BDDE3-64BB-4792-8539-AF562D65AC71}.Debug|Any CPU.Build.0 = Debug|Any CPU
		{890BDDE3-64BB-4792-8539-AF562D65AC71}.Release|Any CPU.ActiveCfg = Release|Any CPU
		{890BDDE3-64BB-4792-8539-AF562D65AC71}.Release|Any CPU.Build.0 = Release|Any CPU
	EndGlobalSection
	GlobalSection(SolutionProperties) = preSolution
		HideSolutionNode = FALSE
	EndGlobalSection
	GlobalSection(ExtensibilityGlobals) = postSolution
		SolutionGuid = {4B66F1F5-C02E-4B43-903B-67715F4818F5}
	EndGlobalSection
EndGlobal
